// !$*UTF8*$!
{
	archiveVersion = 1;
	classes = {
	};
	objectVersion = 46;
	objects = {

/* Begin PBXBuildFile section */
		1630A67615A37B5000F2EEAA /* UIKit.framework in Frameworks */ = {isa = PBXBuildFile; fileRef = 1630A67515A37B5000F2EEAA /* UIKit.framework */; };
		1630A67815A37B5000F2EEAA /* Foundation.framework in Frameworks */ = {isa = PBXBuildFile; fileRef = 1630A67715A37B5000F2EEAA /* Foundation.framework */; };
		1630A67A15A37B5000F2EEAA /* CoreGraphics.framework in Frameworks */ = {isa = PBXBuildFile; fileRef = 1630A67915A37B5000F2EEAA /* CoreGraphics.framework */; };
		1630A68015A37B5000F2EEAA /* InfoPlist.strings in Resources */ = {isa = PBXBuildFile; fileRef = 1630A67E15A37B5000F2EEAA /* InfoPlist.strings */; };
		1630A68215A37B5000F2EEAA /* main.m in Sources */ = {isa = PBXBuildFile; fileRef = 1630A68115A37B5000F2EEAA /* main.m */; };
		1630A68615A37B5000F2EEAA /* AppDelegate.m in Sources */ = {isa = PBXBuildFile; fileRef = 1630A68515A37B5000F2EEAA /* AppDelegate.m */; };
		1630A68E15A37C0600F2EEAA /* Appdate.m in Sources */ = {isa = PBXBuildFile; fileRef = 1630A68D15A37C0600F2EEAA /* Appdate.m */; };
		1630A69115A37F0200F2EEAA /* JSONKit.m in Sources */ = {isa = PBXBuildFile; fileRef = 1630A69015A37F0200F2EEAA /* JSONKit.m */; };
/* End PBXBuildFile section */

/* Begin PBXFileReference section */
		1630A67115A37B4F00F2EEAA /* Appdate.app */ = {isa = PBXFileReference; explicitFileType = wrapper.application; includeInIndex = 0; path = Appdate.app; sourceTree = BUILT_PRODUCTS_DIR; };
		1630A67515A37B5000F2EEAA /* UIKit.framework */ = {isa = PBXFileReference; lastKnownFileType = wrapper.framework; name = UIKit.framework; path = System/Library/Frameworks/UIKit.framework; sourceTree = SDKROOT; };
		1630A67715A37B5000F2EEAA /* Foundation.framework */ = {isa = PBXFileReference; lastKnownFileType = wrapper.framework; name = Foundation.framework; path = System/Library/Frameworks/Foundation.framework; sourceTree = SDKROOT; };
		1630A67915A37B5000F2EEAA /* CoreGraphics.framework */ = {isa = PBXFileReference; lastKnownFileType = wrapper.framework; name = CoreGraphics.framework; path = System/Library/Frameworks/CoreGraphics.framework; sourceTree = SDKROOT; };
		1630A67D15A37B5000F2EEAA /* Appdate-Prefix.pch */ = {isa = PBXFileReference; lastKnownFileType = sourcecode.c.h; name = "Appdate-Prefix.pch"; path = "../Appdate-Prefix.pch"; sourceTree = "<group>"; };
		1630A67F15A37B5000F2EEAA /* en */ = {isa = PBXFileReference; lastKnownFileType = text.plist.strings; name = en; path = en.lproj/InfoPlist.strings; sourceTree = "<group>"; };
		1630A68115A37B5000F2EEAA /* main.m */ = {isa = PBXFileReference; lastKnownFileType = sourcecode.c.objc; path = main.m; sourceTree = "<group>"; };
		1630A68315A37B5000F2EEAA /* Appdate-Prefix.pch */ = {isa = PBXFileReference; lastKnownFileType = sourcecode.c.h; name = "Appdate-Prefix.pch"; path = "../Appdate-Prefix.pch"; sourceTree = "<group>"; };
		1630A68415A37B5000F2EEAA /* AppDelegate.h */ = {isa = PBXFileReference; lastKnownFileType = sourcecode.c.h; path = AppDelegate.h; sourceTree = "<group>"; };
		1630A68515A37B5000F2EEAA /* AppDelegate.m */ = {isa = PBXFileReference; lastKnownFileType = sourcecode.c.objc; path = AppDelegate.m; sourceTree = "<group>"; };
		1630A68C15A37C0600F2EEAA /* Appdate.h */ = {isa = PBXFileReference; fileEncoding = 4; lastKnownFileType = sourcecode.c.h; path = Appdate.h; sourceTree = "<group>"; };
		1630A68D15A37C0600F2EEAA /* Appdate.m */ = {isa = PBXFileReference; fileEncoding = 4; lastKnownFileType = sourcecode.c.objc; path = Appdate.m; sourceTree = "<group>"; };
		1630A68F15A37F0200F2EEAA /* JSONKit.h */ = {isa = PBXFileReference; fileEncoding = 4; lastKnownFileType = sourcecode.c.h; name = JSONKit.h; path = ../JSONKit/JSONKit.h; sourceTree = "<group>"; };
		1630A69015A37F0200F2EEAA /* JSONKit.m */ = {isa = PBXFileReference; fileEncoding = 4; lastKnownFileType = sourcecode.c.objc; name = JSONKit.m; path = ../JSONKit/JSONKit.m; sourceTree = "<group>"; };
/* End PBXFileReference section */

/* Begin PBXFrameworksBuildPhase section */
		1630A66E15A37B4F00F2EEAA /* Frameworks */ = {
			isa = PBXFrameworksBuildPhase;
			buildActionMask = 2147483647;
			files = (
				1630A67615A37B5000F2EEAA /* UIKit.framework in Frameworks */,
				1630A67815A37B5000F2EEAA /* Foundation.framework in Frameworks */,
				1630A67A15A37B5000F2EEAA /* CoreGraphics.framework in Frameworks */,
			);
			runOnlyForDeploymentPostprocessing = 0;
		};
/* End PBXFrameworksBuildPhase section */

/* Begin PBXGroup section */
		1630A66615A37B4F00F2EEAA = {
			isa = PBXGroup;
			children = (
				1630A67B15A37B5000F2EEAA /* Source */,
				1630A67415A37B5000F2EEAA /* Frameworks */,
				1630A67215A37B4F00F2EEAA /* Products */,
			);
			sourceTree = "<group>";
		};
		1630A67215A37B4F00F2EEAA /* Products */ = {
			isa = PBXGroup;
			children = (
				1630A67115A37B4F00F2EEAA /* Appdate.app */,
			);
			name = Products;
			sourceTree = "<group>";
		};
		1630A67415A37B5000F2EEAA /* Frameworks */ = {
			isa = PBXGroup;
			children = (
				1630A68F15A37F0200F2EEAA /* JSONKit.h */,
				1630A69015A37F0200F2EEAA /* JSONKit.m */,
				1630A67515A37B5000F2EEAA /* UIKit.framework */,
				1630A67715A37B5000F2EEAA /* Foundation.framework */,
				1630A67915A37B5000F2EEAA /* CoreGraphics.framework */,
			);
			name = Frameworks;
			sourceTree = "<group>";
		};
		1630A67B15A37B5000F2EEAA /* Source */ = {
			isa = PBXGroup;
			children = (
				1630A68415A37B5000F2EEAA /* AppDelegate.h */,
				1630A68515A37B5000F2EEAA /* AppDelegate.m */,
				1630A67C15A37B5000F2EEAA /* Supporting Files */,
				1630A68C15A37C0600F2EEAA /* Appdate.h */,
				1630A68D15A37C0600F2EEAA /* Appdate.m */,
			);
			path = Source;
			sourceTree = "<group>";
		};
		1630A67C15A37B5000F2EEAA /* Supporting Files */ = {
			isa = PBXGroup;
			children = (
				1630A67D15A37B5000F2EEAA /* Appdate-Prefix.pch */,
				1630A67E15A37B5000F2EEAA /* InfoPlist.strings */,
				1630A68115A37B5000F2EEAA /* main.m */,
				1630A68315A37B5000F2EEAA /* Appdate-Prefix.pch */,
			);
			name = "Supporting Files";
			sourceTree = "<group>";
		};
/* End PBXGroup section */

/* Begin PBXNativeTarget section */
		1630A67015A37B4F00F2EEAA /* Appdate */ = {
			isa = PBXNativeTarget;
			buildConfigurationList = 1630A68915A37B5000F2EEAA /* Build configuration list for PBXNativeTarget "Appdate" */;
			buildPhases = (
				1630A66D15A37B4F00F2EEAA /* Sources */,
				1630A66E15A37B4F00F2EEAA /* Frameworks */,
				1630A66F15A37B4F00F2EEAA /* Resources */,
			);
			buildRules = (
			);
			dependencies = (
			);
			name = Appdate;
			productName = Appdate;
			productReference = 1630A67115A37B4F00F2EEAA /* Appdate.app */;
			productType = "com.apple.product-type.application";
		};
/* End PBXNativeTarget section */

/* Begin PBXProject section */
		1630A66815A37B4F00F2EEAA /* Project object */ = {
			isa = PBXProject;
			attributes = {
				LastUpgradeCheck = 0420;
			};
			buildConfigurationList = 1630A66B15A37B4F00F2EEAA /* Build configuration list for PBXProject "Appdate" */;
			compatibilityVersion = "Xcode 3.2";
			developmentRegion = English;
			hasScannedForEncodings = 0;
			knownRegions = (
				en,
			);
			mainGroup = 1630A66615A37B4F00F2EEAA;
			productRefGroup = 1630A67215A37B4F00F2EEAA /* Products */;
			projectDirPath = "";
			projectRoot = "";
			targets = (
				1630A67015A37B4F00F2EEAA /* Appdate */,
			);
		};
/* End PBXProject section */

/* Begin PBXResourcesBuildPhase section */
		1630A66F15A37B4F00F2EEAA /* Resources */ = {
			isa = PBXResourcesBuildPhase;
			buildActionMask = 2147483647;
			files = (
				1630A68015A37B5000F2EEAA /* InfoPlist.strings in Resources */,
			);
			runOnlyForDeploymentPostprocessing = 0;
		};
/* End PBXResourcesBuildPhase section */

/* Begin PBXSourcesBuildPhase section */
		1630A66D15A37B4F00F2EEAA /* Sources */ = {
			isa = PBXSourcesBuildPhase;
			buildActionMask = 2147483647;
			files = (
				1630A68215A37B5000F2EEAA /* main.m in Sources */,
				1630A68615A37B5000F2EEAA /* AppDelegate.m in Sources */,
				1630A68E15A37C0600F2EEAA /* Appdate.m in Sources */,
				1630A69115A37F0200F2EEAA /* JSONKit.m in Sources */,
			);
			runOnlyForDeploymentPostprocessing = 0;
		};
/* End PBXSourcesBuildPhase section */

/* Begin PBXVariantGroup section */
		1630A67E15A37B5000F2EEAA /* InfoPlist.strings */ = {
			isa = PBXVariantGroup;
			children = (
				1630A67F15A37B5000F2EEAA /* en */,
			);
			name = InfoPlist.strings;
			sourceTree = "<group>";
		};
/* End PBXVariantGroup section */

/* Begin XCBuildConfiguration section */
		1630A68715A37B5000F2EEAA /* Debug */ = {
			isa = XCBuildConfiguration;
			buildSettings = {
				ALWAYS_SEARCH_USER_PATHS = NO;
				ARCHS = "$(ARCHS_STANDARD_32_BIT)";
				"CODE_SIGN_IDENTITY[sdk=iphoneos*]" = "iPhone Developer";
				COPY_PHASE_STRIP = NO;
				GCC_C_LANGUAGE_STANDARD = gnu99;
				GCC_DYNAMIC_NO_PIC = NO;
				GCC_OPTIMIZATION_LEVEL = 0;
				GCC_PREPROCESSOR_DEFINITIONS = (
					"DEBUG=1",
					"$(inherited)",
				);
				GCC_SYMBOLS_PRIVATE_EXTERN = NO;
				GCC_VERSION = com.apple.compilers.llvm.clang.1_0;
				GCC_WARN_ABOUT_MISSING_PROTOTYPES = YES;
				GCC_WARN_ABOUT_RETURN_TYPE = YES;
				GCC_WARN_UNUSED_VARIABLE = YES;
				IPHONEOS_DEPLOYMENT_TARGET = 5.0;
				SDKROOT = iphoneos;
				TARGETED_DEVICE_FAMILY = "1,2";
			};
			name = Debug;
		};
		1630A68815A37B5000F2EEAA /* Release */ = {
			isa = XCBuildConfiguration;
			buildSettings = {
				ALWAYS_SEARCH_USER_PATHS = NO;
				ARCHS = "$(ARCHS_STANDARD_32_BIT)";
				"CODE_SIGN_IDENTITY[sdk=iphoneos*]" = "iPhone Developer";
				COPY_PHASE_STRIP = YES;
				GCC_C_LANGUAGE_STANDARD = gnu99;
				GCC_VERSION = com.apple.compilers.llvm.clang.1_0;
				GCC_WARN_ABOUT_MISSING_PROTOTYPES = YES;
				GCC_WARN_ABOUT_RETURN_TYPE = YES;
				GCC_WARN_UNUSED_VARIABLE = YES;
				IPHONEOS_DEPLOYMENT_TARGET = 5.0;
				OTHER_CFLAGS = "-DNS_BLOCK_ASSERTIONS=1";
				SDKROOT = iphoneos;
				TARGETED_DEVICE_FAMILY = "1,2";
				VALIDATE_PRODUCT = YES;
			};
			name = Release;
		};
		1630A68A15A37B5000F2EEAA /* Debug */ = {
			isa = XCBuildConfiguration;
			buildSettings = {
				GCC_PRECOMPILE_PREFIX_HEADER = YES;
				GCC_PREFIX_HEADER = "Appdate-Prefix.pch";
				INFOPLIST_FILE = "Appdate-Info.plist";
				PRODUCT_NAME = "$(TARGET_NAME)";
				WRAPPER_EXTENSION = app;
			};
			name = Debug;
		};
		1630A68B15A37B5000F2EEAA /* Release */ = {
			isa = XCBuildConfiguration;
			buildSettings = {
				GCC_PRECOMPILE_PREFIX_HEADER = YES;
				GCC_PREFIX_HEADER = "Appdate-Prefix.pch";
				INFOPLIST_FILE = "Appdate-Info.plist";
				PRODUCT_NAME = "$(TARGET_NAME)";
				WRAPPER_EXTENSION = app;
			};
			name = Release;
		};
/* End XCBuildConfiguration section */

/* Begin XCConfigurationList section */
		1630A66B15A37B4F00F2EEAA /* Build configuration list for PBXProject "Appdate" */ = {
			isa = XCConfigurationList;
			buildConfigurations = (
				1630A68715A37B5000F2EEAA /* Debug */,
				1630A68815A37B5000F2EEAA /* Release */,
			);
			defaultConfigurationIsVisible = 0;
			defaultConfigurationName = Release;
		};
		1630A68915A37B5000F2EEAA /* Build configuration list for PBXNativeTarget "Appdate" */ = {
			isa = XCConfigurationList;
			buildConfigurations = (
				1630A68A15A37B5000F2EEAA /* Debug */,
				1630A68B15A37B5000F2EEAA /* Release */,
			);
			defaultConfigurationIsVisible = 0;
			defaultConfigurationName = Release;
		};
/* End XCConfigurationList section */
	};
	rootObject = 1630A66815A37B4F00F2EEAA /* Project object */;
}
